{
  "requires": true,
  "lockfileVersion": 1,
  "dependencies": {
    "mojiscript": {
      "version": "0.13.9",
      "resolved": "https://registry.npmjs.org/mojiscript/-/mojiscript-0.13.9.tgz",
      "integrity": "sha512-2QyQpfVW1rMbxA1rBZwEldH7bYq538ltXeb5kdmlMrDQS/rKHW5J2GeHUI3/YD2btsL0JPyROKTpoMoR5z/j4g=="
    }
  }
}
